
Microsoft Visual Studio Solution File, Format Version 12.00
# Visual Studio 15
VisualStudioVersion = 15.0.28307.271
MinimumVisualStudioVersion = 10.0.40219.1
Project("{9A19103F-16F7-4668-BE54-9A1E7A4F7556}") = "SearchEngineRest", "SearchEngineRest\SearchEngineRest.csproj", "{336BAE6F-89F2-44D6-9EE9-045AEC5C0975}"
EndProject
Project("{E53339B2-1760-4266-BCC7-CA923CBCF16C}") = "docker-compose", "docker-compose.dcproj", "{147BAED7-90DB-43C6-8803-D161BBBE3BCD}"
EndProject
Project("{FAE04EC0-301F-11D3-BF4B-00C04F79EFBC}") = "SearchEngineLB", "SearchEngineLB\SearchEngineLB.csproj", "{6D42FFB7-EEFB-497C-9F81-AC4FEAAB41BB}"
EndProject
Global
	GlobalSection(SolutionConfigurationPlatforms) = preSolution
		Debug|Any CPU = Debug|Any CPU
		Release|Any CPU = Release|Any CPU
	EndGlobalSection
	GlobalSection(ProjectConfigurationPlatforms) = postSolution
		{336BAE6F-89F2-44D6-9EE9-045AEC5C0975}.Debug|Any CPU.ActiveCfg = Debug|Any CPU
		{336BAE6F-89F2-44D6-9EE9-045AEC5C0975}.Debug|Any CPU.Build.0 = Debug|Any CPU
		{336BAE6F-89F2-44D6-9EE9-045AEC5C0975}.Release|Any CPU.ActiveCfg = Release|Any CPU
		{336BAE6F-89F2-44D6-9EE9-045AEC5C0975}.Release|Any CPU.Build.0 = Release|Any CPU
		{147BAED7-90DB-43C6-8803-D161BBBE3BCD}.Debug|Any CPU.ActiveCfg = Debug|Any CPU
		{147BAED7-90DB-43C6-8803-D161BBBE3BCD}.Debug|Any CPU.Build.0 = Debug|Any CPU
		{147BAED7-90DB-43C6-8803-D161BBBE3BCD}.Release|Any CPU.ActiveCfg = Release|Any CPU
		{147BAED7-90DB-43C6-8803-D161BBBE3BCD}.Release|Any CPU.Build.0 = Release|Any CPU
		{6D42FFB7-EEFB-497C-9F81-AC4FEAAB41BB}.Debug|Any CPU.ActiveCfg = Debug|Any CPU
		{6D42FFB7-EEFB-497C-9F81-AC4FEAAB41BB}.Debug|Any CPU.Build.0 = Debug|Any CPU
		{6D42FFB7-EEFB-497C-9F81-AC4FEAAB41BB}.Release|Any CPU.ActiveCfg = Release|Any CPU
		{6D42FFB7-EEFB-497C-9F81-AC4FEAAB41BB}.Release|Any CPU.Build.0 = Release|Any CPU
	EndGlobalSection
	GlobalSection(SolutionProperties) = preSolution
		HideSolutionNode = FALSE
	EndGlobalSection
	GlobalSection(ExtensibilityGlobals) = postSolution
		SolutionGuid = {B73A1FDB-2381-46E9-85A2-537C0C69907E}
	EndGlobalSection
EndGlobal
